PODS:
  - p2.OAuth2 (3.0.1)
  - View2ViewTransition (1.0.0)

DEPENDENCIES:
  - p2.OAuth2 (~> 3.0)
  - View2ViewTransition

SPEC CHECKSUMS:
  p2.OAuth2: 1c58296b53820e57ea63a8977541d2e4780df141
  View2ViewTransition: 010ea80e451e42427988102527b0216b8534a741

PODFILE CHECKSUM: 9d0a0608fb8e5c3e38eb9acc24fd303104436fbe

COCOAPODS: 1.1.1
